// !$*UTF8*$!
{
	archiveVersion = 1;
	classes = {
	};
	objectVersion = 56;
	objects = {

/* Begin PBXBuildFile section */
		2218AD102A449CD7001410D3 /* HideKeyboardExtension.swift in Sources */ = {isa = PBXBuildFile; fileRef = 2218AD0F2A449CD7001410D3 /* HideKeyboardExtension.swift */; };
		2228331C2A43442600BC4C11 /* sound-tap.mp3 in Resources */ = {isa = PBXBuildFile; fileRef = 222833192A43442500BC4C11 /* sound-tap.mp3 */; };
		2228331D2A43442600BC4C11 /* sound-rise.mp3 in Resources */ = {isa = PBXBuildFile; fileRef = 2228331A2A43442600BC4C11 /* sound-rise.mp3 */; };
		2228331E2A43442600BC4C11 /* sound-ding.mp3 in Resources */ = {isa = PBXBuildFile; fileRef = 2228331B2A43442600BC4C11 /* sound-ding.mp3 */; };
		22389F632A4623B400909437 /* BackgroundImageView.swift in Sources */ = {isa = PBXBuildFile; fileRef = 22389F622A4623B400909437 /* BackgroundImageView.swift */; };
		22432A762A4B5AF500FB5CA4 /* CheckboxStyle.swift in Sources */ = {isa = PBXBuildFile; fileRef = 22432A752A4B5AF500FB5CA4 /* CheckboxStyle.swift */; };
		226CF6CE2A4200C400DB04D6 /* TaskManagerApp.swift in Sources */ = {isa = PBXBuildFile; fileRef = 226CF6CD2A4200C400DB04D6 /* TaskManagerApp.swift */; };
		226CF6D02A4200C400DB04D6 /* ContentView.swift in Sources */ = {isa = PBXBuildFile; fileRef = 226CF6CF2A4200C400DB04D6 /* ContentView.swift */; };
		226CF6D22A4200C500DB04D6 /* Assets.xcassets in Resources */ = {isa = PBXBuildFile; fileRef = 226CF6D12A4200C500DB04D6 /* Assets.xcassets */; };
		226CF6D52A4200C500DB04D6 /* Preview Assets.xcassets in Resources */ = {isa = PBXBuildFile; fileRef = 226CF6D42A4200C500DB04D6 /* Preview Assets.xcassets */; };
		226CF6D72A4200C500DB04D6 /* Persistence.swift in Sources */ = {isa = PBXBuildFile; fileRef = 226CF6D62A4200C500DB04D6 /* Persistence.swift */; };
		226CF6DA2A4200C500DB04D6 /* TaskManager.xcdatamodeld in Sources */ = {isa = PBXBuildFile; fileRef = 226CF6D82A4200C500DB04D6 /* TaskManager.xcdatamodeld */; };
		22702DCC2A473FF4000D4723 /* NewTaskItemView.swift in Sources */ = {isa = PBXBuildFile; fileRef = 22702DCB2A473FF4000D4723 /* NewTaskItemView.swift */; };
		22702DCE2A47487D000D4723 /* BlankView.swift in Sources */ = {isa = PBXBuildFile; fileRef = 22702DCD2A47487D000D4723 /* BlankView.swift */; };
		22CCE4FC2A4351ED002D7B3D /* Constant.swift in Sources */ = {isa = PBXBuildFile; fileRef = 22CCE4FB2A4351ED002D7B3D /* Constant.swift */; };
		22EA48662A4DD0A90040BC86 /* SoundPlayer.swift in Sources */ = {isa = PBXBuildFile; fileRef = 22EA48652A4DD0A90040BC86 /* SoundPlayer.swift */; };
		22F5851E2A49FE9700DAE4C0 /* ListRowItemView.swift in Sources */ = {isa = PBXBuildFile; fileRef = 22F5851D2A49FE9700DAE4C0 /* ListRowItemView.swift */; };
/* End PBXBuildFile section */

/* Begin PBXFileReference section */
		2218AD0F2A449CD7001410D3 /* HideKeyboardExtension.swift */ = {isa = PBXFileReference; lastKnownFileType = sourcecode.swift; path = HideKeyboardExtension.swift; sourceTree = "<group>"; };
		222833192A43442500BC4C11 /* sound-tap.mp3 */ = {isa = PBXFileReference; lastKnownFileType = audio.mp3; path = "sound-tap.mp3"; sourceTree = "<group>"; };
		2228331A2A43442600BC4C11 /* sound-rise.mp3 */ = {isa = PBXFileReference; lastKnownFileType = audio.mp3; path = "sound-rise.mp3"; sourceTree = "<group>"; };
		2228331B2A43442600BC4C11 /* sound-ding.mp3 */ = {isa = PBXFileReference; lastKnownFileType = audio.mp3; path = "sound-ding.mp3"; sourceTree = "<group>"; };
		22389F622A4623B400909437 /* BackgroundImageView.swift */ = {isa = PBXFileReference; lastKnownFileType = sourcecode.swift; path = BackgroundImageView.swift; sourceTree = "<group>"; };
		22432A752A4B5AF500FB5CA4 /* CheckboxStyle.swift */ = {isa = PBXFileReference; lastKnownFileType = sourcecode.swift; path = CheckboxStyle.swift; sourceTree = "<group>"; };
		226CF6CA2A4200C400DB04D6 /* TaskManager.app */ = {isa = PBXFileReference; explicitFileType = wrapper.application; includeInIndex = 0; path = TaskManager.app; sourceTree = BUILT_PRODUCTS_DIR; };
		226CF6CD2A4200C400DB04D6 /* TaskManagerApp.swift */ = {isa = PBXFileReference; lastKnownFileType = sourcecode.swift; path = TaskManagerApp.swift; sourceTree = "<group>"; };
		226CF6CF2A4200C400DB04D6 /* ContentView.swift */ = {isa = PBXFileReference; lastKnownFileType = sourcecode.swift; path = ContentView.swift; sourceTree = "<group>"; };
		226CF6D12A4200C500DB04D6 /* Assets.xcassets */ = {isa = PBXFileReference; lastKnownFileType = folder.assetcatalog; path = Assets.xcassets; sourceTree = "<group>"; };
		226CF6D42A4200C500DB04D6 /* Preview Assets.xcassets */ = {isa = PBXFileReference; lastKnownFileType = folder.assetcatalog; path = "Preview Assets.xcassets"; sourceTree = "<group>"; };
		226CF6D62A4200C500DB04D6 /* Persistence.swift */ = {isa = PBXFileReference; lastKnownFileType = sourcecode.swift; path = Persistence.swift; sourceTree = "<group>"; };
		226CF6D92A4200C500DB04D6 /* TaskManager.xcdatamodel */ = {isa = PBXFileReference; lastKnownFileType = wrapper.xcdatamodel; path = TaskManager.xcdatamodel; sourceTree = "<group>"; };
		22702DCB2A473FF4000D4723 /* NewTaskItemView.swift */ = {isa = PBXFileReference; lastKnownFileType = sourcecode.swift; path = NewTaskItemView.swift; sourceTree = "<group>"; };
		22702DCD2A47487D000D4723 /* BlankView.swift */ = {isa = PBXFileReference; lastKnownFileType = sourcecode.swift; path = BlankView.swift; sourceTree = "<group>"; };
		22CCE4F62A434657002D7B3D /* Info.plist */ = {isa = PBXFileReference; lastKnownFileType = text.plist; path = Info.plist; sourceTree = "<group>"; };
		22CCE4FB2A4351ED002D7B3D /* Constant.swift */ = {isa = PBXFileReference; lastKnownFileType = sourcecode.swift; path = Constant.swift; sourceTree = "<group>"; };
		22EA48652A4DD0A90040BC86 /* SoundPlayer.swift */ = {isa = PBXFileReference; lastKnownFileType = sourcecode.swift; path = SoundPlayer.swift; sourceTree = "<group>"; };
		22F5851D2A49FE9700DAE4C0 /* ListRowItemView.swift */ = {isa = PBXFileReference; lastKnownFileType = sourcecode.swift; path = ListRowItemView.swift; sourceTree = "<group>"; };
/* End PBXFileReference section */

/* Begin PBXFrameworksBuildPhase section */
		226CF6C72A4200C400DB04D6 /* Frameworks */ = {
			isa = PBXFrameworksBuildPhase;
			buildActionMask = 2147483647;
			files = (
			);
			runOnlyForDeploymentPostprocessing = 0;
		};
/* End PBXFrameworksBuildPhase section */

/* Begin PBXGroup section */
		2228331F2A43444A00BC4C11 /* Sound */ = {
			isa = PBXGroup;
			children = (
				2228331B2A43442600BC4C11 /* sound-ding.mp3 */,
				2228331A2A43442600BC4C11 /* sound-rise.mp3 */,
				222833192A43442500BC4C11 /* sound-tap.mp3 */,
			);
			path = Sound;
			sourceTree = "<group>";
		};
		222833202A43448D00BC4C11 /* View */ = {
			isa = PBXGroup;
			children = (
				226CF6CF2A4200C400DB04D6 /* ContentView.swift */,
				22389F622A4623B400909437 /* BackgroundImageView.swift */,
				22702DCB2A473FF4000D4723 /* NewTaskItemView.swift */,
				22702DCD2A47487D000D4723 /* BlankView.swift */,
				22F5851D2A49FE9700DAE4C0 /* ListRowItemView.swift */,
				22432A752A4B5AF500FB5CA4 /* CheckboxStyle.swift */,
			);
			path = View;
			sourceTree = "<group>";
		};
		222833212A4344A500BC4C11 /* Extension */ = {
			isa = PBXGroup;
			children = (
				2218AD0F2A449CD7001410D3 /* HideKeyboardExtension.swift */,
			);
			path = Extension;
			sourceTree = "<group>";
		};
		222833222A4344B100BC4C11 /* Utility */ = {
			isa = PBXGroup;
			children = (
				22CCE4FB2A4351ED002D7B3D /* Constant.swift */,
				22EA48652A4DD0A90040BC86 /* SoundPlayer.swift */,
			);
			path = Utility;
			sourceTree = "<group>";
		};
		222833232A4344C100BC4C11 /* Style */ = {
			isa = PBXGroup;
			children = (
			);
			path = Style;
			sourceTree = "<group>";
		};
		222833242A4344EB00BC4C11 /* Model */ = {
			isa = PBXGroup;
			children = (
				226CF6D62A4200C500DB04D6 /* Persistence.swift */,
				226CF6D82A4200C500DB04D6 /* TaskManager.xcdatamodeld */,
			);
			path = Model;
			sourceTree = "<group>";
		};
		226CF6C12A4200C400DB04D6 = {
			isa = PBXGroup;
			children = (
				226CF6CC2A4200C400DB04D6 /* TaskManager */,
				226CF6CB2A4200C400DB04D6 /* Products */,
			);
			sourceTree = "<group>";
		};
		226CF6CB2A4200C400DB04D6 /* Products */ = {
			isa = PBXGroup;
			children = (
				226CF6CA2A4200C400DB04D6 /* TaskManager.app */,
			);
			name = Products;
			sourceTree = "<group>";
		};
		226CF6CC2A4200C400DB04D6 /* TaskManager */ = {
			isa = PBXGroup;
			children = (
				226CF6CD2A4200C400DB04D6 /* TaskManagerApp.swift */,
				22CCE4F62A434657002D7B3D /* Info.plist */,
				222833202A43448D00BC4C11 /* View */,
				222833242A4344EB00BC4C11 /* Model */,
				222833232A4344C100BC4C11 /* Style */,
				222833222A4344B100BC4C11 /* Utility */,
				222833212A4344A500BC4C11 /* Extension */,
				2228331F2A43444A00BC4C11 /* Sound */,
				226CF6D12A4200C500DB04D6 /* Assets.xcassets */,
				226CF6D32A4200C500DB04D6 /* Preview Content */,
			);
			path = TaskManager;
			sourceTree = "<group>";
		};
		226CF6D32A4200C500DB04D6 /* Preview Content */ = {
			isa = PBXGroup;
			children = (
				226CF6D42A4200C500DB04D6 /* Preview Assets.xcassets */,
			);
			path = "Preview Content";
			sourceTree = "<group>";
		};
/* End PBXGroup section */

/* Begin PBXNativeTarget section */
		226CF6C92A4200C400DB04D6 /* TaskManager */ = {
			isa = PBXNativeTarget;
			buildConfigurationList = 226CF6DD2A4200C500DB04D6 /* Build configuration list for PBXNativeTarget "TaskManager" */;
			buildPhases = (
				226CF6C62A4200C400DB04D6 /* Sources */,
				226CF6C72A4200C400DB04D6 /* Frameworks */,
				226CF6C82A4200C400DB04D6 /* Resources */,
			);
			buildRules = (
			);
			dependencies = (
			);
			name = TaskManager;
			productName = TaskManager;
			productReference = 226CF6CA2A4200C400DB04D6 /* TaskManager.app */;
			productType = "com.apple.product-type.application";
		};
/* End PBXNativeTarget section */

/* Begin PBXProject section */
		226CF6C22A4200C400DB04D6 /* Project object */ = {
			isa = PBXProject;
			attributes = {
				BuildIndependentTargetsInParallel = 1;
				LastSwiftUpdateCheck = 1430;
				LastUpgradeCheck = 1430;
				TargetAttributes = {
					226CF6C92A4200C400DB04D6 = {
						CreatedOnToolsVersion = 14.3.1;
					};
				};
			};
			buildConfigurationList = 226CF6C52A4200C400DB04D6 /* Build configuration list for PBXProject "TaskManager" */;
			compatibilityVersion = "Xcode 14.0";
			developmentRegion = en;
			hasScannedForEncodings = 0;
			knownRegions = (
				en,
				Base,
			);
			mainGroup = 226CF6C12A4200C400DB04D6;
			productRefGroup = 226CF6CB2A4200C400DB04D6 /* Products */;
			projectDirPath = "";
			projectRoot = "";
			targets = (
				226CF6C92A4200C400DB04D6 /* TaskManager */,
			);
		};
/* End PBXProject section */

/* Begin PBXResourcesBuildPhase section */
		226CF6C82A4200C400DB04D6 /* Resources */ = {
			isa = PBXResourcesBuildPhase;
			buildActionMask = 2147483647;
			files = (
				2228331E2A43442600BC4C11 /* sound-ding.mp3 in Resources */,
				2228331C2A43442600BC4C11 /* sound-tap.mp3 in Resources */,
				2228331D2A43442600BC4C11 /* sound-rise.mp3 in Resources */,
				226CF6D52A4200C500DB04D6 /* Preview Assets.xcassets in Resources */,
				226CF6D22A4200C500DB04D6 /* Assets.xcassets in Resources */,
			);
			runOnlyForDeploymentPostprocessing = 0;
		};
/* End PBXResourcesBuildPhase section */

/* Begin PBXSourcesBuildPhase section */
		226CF6C62A4200C400DB04D6 /* Sources */ = {
			isa = PBXSourcesBuildPhase;
			buildActionMask = 2147483647;
			files = (
				226CF6D72A4200C500DB04D6 /* Persistence.swift in Sources */,
				22389F632A4623B400909437 /* BackgroundImageView.swift in Sources */,
				226CF6D02A4200C400DB04D6 /* ContentView.swift in Sources */,
				2218AD102A449CD7001410D3 /* HideKeyboardExtension.swift in Sources */,
				22702DCE2A47487D000D4723 /* BlankView.swift in Sources */,
				22CCE4FC2A4351ED002D7B3D /* Constant.swift in Sources */,
				22F5851E2A49FE9700DAE4C0 /* ListRowItemView.swift in Sources */,
				226CF6DA2A4200C500DB04D6 /* TaskManager.xcdatamodeld in Sources */,
				226CF6CE2A4200C400DB04D6 /* TaskManagerApp.swift in Sources */,
				22432A762A4B5AF500FB5CA4 /* CheckboxStyle.swift in Sources */,
				22EA48662A4DD0A90040BC86 /* SoundPlayer.swift in Sources */,
				22702DCC2A473FF4000D4723 /* NewTaskItemView.swift in Sources */,
			);
			runOnlyForDeploymentPostprocessing = 0;
		};
/* End PBXSourcesBuildPhase section */

/* Begin XCBuildConfiguration section */
		226CF6DB2A4200C500DB04D6 /* Debug */ = {
			isa = XCBuildConfiguration;
			buildSettings = {
				ALWAYS_SEARCH_USER_PATHS = NO;
				CLANG_ANALYZER_NONNULL = YES;
				CLANG_ANALYZER_NUMBER_OBJECT_CONVERSION = YES_AGGRESSIVE;
				CLANG_CXX_LANGUAGE_STANDARD = "gnu++20";
				CLANG_ENABLE_MODULES = YES;
				CLANG_ENABLE_OBJC_ARC = YES;
				CLANG_ENABLE_OBJC_WEAK = YES;
				CLANG_WARN_BLOCK_CAPTURE_AUTORELEASING = YES;
				CLANG_WARN_BOOL_CONVERSION = YES;
				CLANG_WARN_COMMA = YES;
				CLANG_WARN_CONSTANT_CONVERSION = YES;
				CLANG_WARN_DEPRECATED_OBJC_IMPLEMENTATIONS = YES;
				CLANG_WARN_DIRECT_OBJC_ISA_USAGE = YES_ERROR;
				CLANG_WARN_DOCUMENTATION_COMMENTS = YES;
				CLANG_WARN_EMPTY_BODY = YES;
				CLANG_WARN_ENUM_CONVERSION = YES;
				CLANG_WARN_INFINITE_RECURSION = YES;
				CLANG_WARN_INT_CONVERSION = YES;
				CLANG_WARN_NON_LITERAL_NULL_CONVERSION = YES;
				CLANG_WARN_OBJC_IMPLICIT_RETAIN_SELF = YES;
				CLANG_WARN_OBJC_LITERAL_CONVERSION = YES;
				CLANG_WARN_OBJC_ROOT_CLASS = YES_ERROR;
				CLANG_WARN_QUOTED_INCLUDE_IN_FRAMEWORK_HEADER = YES;
				CLANG_WARN_RANGE_LOOP_ANALYSIS = YES;
				CLANG_WARN_STRICT_PROTOTYPES = YES;
				CLANG_WARN_SUSPICIOUS_MOVE = YES;
				CLANG_WARN_UNGUARDED_AVAILABILITY = YES_AGGRESSIVE;
				CLANG_WARN_UNREACHABLE_CODE = YES;
				CLANG_WARN__DUPLICATE_METHOD_MATCH = YES;
				COPY_PHASE_STRIP = NO;
				DEBUG_INFORMATION_FORMAT = dwarf;
				ENABLE_STRICT_OBJC_MSGSEND = YES;
				ENABLE_TESTABILITY = YES;
				GCC_C_LANGUAGE_STANDARD = gnu11;
				GCC_DYNAMIC_NO_PIC = NO;
				GCC_NO_COMMON_BLOCKS = YES;
				GCC_OPTIMIZATION_LEVEL = 0;
				GCC_PREPROCESSOR_DEFINITIONS = (
					"DEBUG=1",
					"$(inherited)",
				);
				GCC_WARN_64_TO_32_BIT_CONVERSION = YES;
				GCC_WARN_ABOUT_RETURN_TYPE = YES_ERROR;
				GCC_WARN_UNDECLARED_SELECTOR = YES;
				GCC_WARN_UNINITIALIZED_AUTOS = YES_AGGRESSIVE;
				GCC_WARN_UNUSED_FUNCTION = YES;
				GCC_WARN_UNUSED_VARIABLE = YES;
				IPHONEOS_DEPLOYMENT_TARGET = 16.4;
				MTL_ENABLE_DEBUG_INFO = INCLUDE_SOURCE;
				MTL_FAST_MATH = YES;
				ONLY_ACTIVE_ARCH = YES;
				SDKROOT = iphoneos;
				SWIFT_ACTIVE_COMPILATION_CONDITIONS = DEBUG;
				SWIFT_OPTIMIZATION_LEVEL = "-Onone";
			};
			name = Debug;
		};
		226CF6DC2A4200C500DB04D6 /* Release */ = {
			isa = XCBuildConfiguration;
			buildSettings = {
				ALWAYS_SEARCH_USER_PATHS = NO;
				CLANG_ANALYZER_NONNULL = YES;
				CLANG_ANALYZER_NUMBER_OBJECT_CONVERSION = YES_AGGRESSIVE;
				CLANG_CXX_LANGUAGE_STANDARD = "gnu++20";
				CLANG_ENABLE_MODULES = YES;
				CLANG_ENABLE_OBJC_ARC = YES;
				CLANG_ENABLE_OBJC_WEAK = YES;
				CLANG_WARN_BLOCK_CAPTURE_AUTORELEASING = YES;
				CLANG_WARN_BOOL_CONVERSION = YES;
				CLANG_WARN_COMMA = YES;
				CLANG_WARN_CONSTANT_CONVERSION = YES;
				CLANG_WARN_DEPRECATED_OBJC_IMPLEMENTATIONS = YES;
				CLANG_WARN_DIRECT_OBJC_ISA_USAGE = YES_ERROR;
				CLANG_WARN_DOCUMENTATION_COMMENTS = YES;
				CLANG_WARN_EMPTY_BODY = YES;
				CLANG_WARN_ENUM_CONVERSION = YES;
				CLANG_WARN_INFINITE_RECURSION = YES;
				CLANG_WARN_INT_CONVERSION = YES;
				CLANG_WARN_NON_LITERAL_NULL_CONVERSION = YES;
				CLANG_WARN_OBJC_IMPLICIT_RETAIN_SELF = YES;
				CLANG_WARN_OBJC_LITERAL_CONVERSION = YES;
				CLANG_WARN_OBJC_ROOT_CLASS = YES_ERROR;
				CLANG_WARN_QUOTED_INCLUDE_IN_FRAMEWORK_HEADER = YES;
				CLANG_WARN_RANGE_LOOP_ANALYSIS = YES;
				CLANG_WARN_STRICT_PROTOTYPES = YES;
				CLANG_WARN_SUSPICIOUS_MOVE = YES;
				CLANG_WARN_UNGUARDED_AVAILABILITY = YES_AGGRESSIVE;
				CLANG_WARN_UNREACHABLE_CODE = YES;
				CLANG_WARN__DUPLICATE_METHOD_MATCH = YES;
				COPY_PHASE_STRIP = NO;
				DEBUG_INFORMATION_FORMAT = "dwarf-with-dsym";
				ENABLE_NS_ASSERTIONS = NO;
				ENABLE_STRICT_OBJC_MSGSEND = YES;
				GCC_C_LANGUAGE_STANDARD = gnu11;
				GCC_NO_COMMON_BLOCKS = YES;
				GCC_WARN_64_TO_32_BIT_CONVERSION = YES;
				GCC_WARN_ABOUT_RETURN_TYPE = YES_ERROR;
				GCC_WARN_UNDECLARED_SELECTOR = YES;
				GCC_WARN_UNINITIALIZED_AUTOS = YES_AGGRESSIVE;
				GCC_WARN_UNUSED_FUNCTION = YES;
				GCC_WARN_UNUSED_VARIABLE = YES;
				IPHONEOS_DEPLOYMENT_TARGET = 16.4;
				MTL_ENABLE_DEBUG_INFO = NO;
				MTL_FAST_MATH = YES;
				SDKROOT = iphoneos;
				SWIFT_COMPILATION_MODE = wholemodule;
				SWIFT_OPTIMIZATION_LEVEL = "-O";
				VALIDATE_PRODUCT = YES;
			};
			name = Release;
		};
		226CF6DE2A4200C500DB04D6 /* Debug */ = {
			isa = XCBuildConfiguration;
			buildSettings = {
				ASSETCATALOG_COMPILER_APPICON_NAME = AppIcon;
				ASSETCATALOG_COMPILER_GLOBAL_ACCENT_COLOR_NAME = AccentColor;
				CODE_SIGN_STYLE = Automatic;
				CURRENT_PROJECT_VERSION = 1;
				DEVELOPMENT_ASSET_PATHS = "\"TaskManager/Preview Content\"";
				DEVELOPMENT_TEAM = 647MFA6TDC;
				ENABLE_PREVIEWS = YES;
				GENERATE_INFOPLIST_FILE = YES;
				INFOPLIST_FILE = TaskManager/Info.plist;
				INFOPLIST_KEY_UIApplicationSceneManifest_Generation = YES;
				INFOPLIST_KEY_UIApplicationSupportsIndirectInputEvents = YES;
				INFOPLIST_KEY_UISupportedInterfaceOrientations_iPad = "UIInterfaceOrientationPortrait UIInterfaceOrientationPortraitUpsideDown UIInterfaceOrientationLandscapeLeft UIInterfaceOrientationLandscapeRight";
				INFOPLIST_KEY_UISupportedInterfaceOrientations_iPhone = "UIInterfaceOrientationPortrait UIInterfaceOrientationLandscapeLeft UIInterfaceOrientationLandscapeRight";
				LD_RUNPATH_SEARCH_PATHS = (
					"$(inherited)",
					"@executable_path/Frameworks",
				);
				MARKETING_VERSION = 1.0;
				PRODUCT_BUNDLE_IDENTIFIER = sevio.TaskManager;
				PRODUCT_NAME = "$(TARGET_NAME)";
				SWIFT_EMIT_LOC_STRINGS = YES;
				SWIFT_VERSION = 5.0;
				TARGETED_DEVICE_FAMILY = "1,2";
			};
			name = Debug;
		};
		226CF6DF2A4200C500DB04D6 /* Release */ = {
			isa = XCBuildConfiguration;
			buildSettings = {
				ASSETCATALOG_COMPILER_APPICON_NAME = AppIcon;
				ASSETCATALOG_COMPILER_GLOBAL_ACCENT_COLOR_NAME = AccentColor;
				CODE_SIGN_STYLE = Automatic;
				CURRENT_PROJECT_VERSION = 1;
				DEVELOPMENT_ASSET_PATHS = "\"TaskManager/Preview Content\"";
				DEVELOPMENT_TEAM = 647MFA6TDC;
				ENABLE_PREVIEWS = YES;
				GENERATE_INFOPLIST_FILE = YES;
				INFOPLIST_FILE = TaskManager/Info.plist;
				INFOPLIST_KEY_UIApplicationSceneManifest_Generation = YES;
				INFOPLIST_KEY_UIApplicationSupportsIndirectInputEvents = YES;
				INFOPLIST_KEY_UISupportedInterfaceOrientations_iPad = "UIInterfaceOrientationPortrait UIInterfaceOrientationPortraitUpsideDown UIInterfaceOrientationLandscapeLeft UIInterfaceOrientationLandscapeRight";
				INFOPLIST_KEY_UISupportedInterfaceOrientations_iPhone = "UIInterfaceOrientationPortrait UIInterfaceOrientationLandscapeLeft UIInterfaceOrientationLandscapeRight";
				LD_RUNPATH_SEARCH_PATHS = (
					"$(inherited)",
					"@executable_path/Frameworks",
				);
				MARKETING_VERSION = 1.0;
				PRODUCT_BUNDLE_IDENTIFIER = sevio.TaskManager;
				PRODUCT_NAME = "$(TARGET_NAME)";
				SWIFT_EMIT_LOC_STRINGS = YES;
				SWIFT_VERSION = 5.0;
				TARGETED_DEVICE_FAMILY = "1,2";
			};
			name = Release;
		};
/* End XCBuildConfiguration section */

/* Begin XCConfigurationList section */
		226CF6C52A4200C400DB04D6 /* Build configuration list for PBXProject "TaskManager" */ = {
			isa = XCConfigurationList;
			buildConfigurations = (
				226CF6DB2A4200C500DB04D6 /* Debug */,
				226CF6DC2A4200C500DB04D6 /* Release */,
			);
			defaultConfigurationIsVisible = 0;
			defaultConfigurationName = Release;
		};
		226CF6DD2A4200C500DB04D6 /* Build configuration list for PBXNativeTarget "TaskManager" */ = {
			isa = XCConfigurationList;
			buildConfigurations = (
				226CF6DE2A4200C500DB04D6 /* Debug */,
				226CF6DF2A4200C500DB04D6 /* Release */,
			);
			defaultConfigurationIsVisible = 0;
			defaultConfigurationName = Release;
		};
/* End XCConfigurationList section */

/* Begin XCVersionGroup section */
		226CF6D82A4200C500DB04D6 /* TaskManager.xcdatamodeld */ = {
			isa = XCVersionGroup;
			children = (
				226CF6D92A4200C500DB04D6 /* TaskManager.xcdatamodel */,
			);
			currentVersion = 226CF6D92A4200C500DB04D6 /* TaskManager.xcdatamodel */;
			path = TaskManager.xcdatamodeld;
			sourceTree = "<group>";
			versionGroupType = wrapper.xcdatamodel;
		};
/* End XCVersionGroup section */
	};
	rootObject = 226CF6C22A4200C400DB04D6 /* Project object */;
}
